// !$*UTF8*$!
{
	archiveVersion = 1;
	classes = {
	};
	objectVersion = 51;
	objects = {

/* Begin PBXBuildFile section */
		01E24388CD2C477A0AEA02E9 /* Pods_Login_SwiftUITests.framework in Frameworks */ = {isa = PBXBuildFile; fileRef = 8D66C2D5AC2B8A570AEFCC1A /* Pods_Login_SwiftUITests.framework */; };
		7BAF88BA5F205ECF0D50CEAE /* Pods_Login_SwiftUI_Login_SwiftUIUITests.framework in Frameworks */ = {isa = PBXBuildFile; fileRef = B75EEE428710274ABE6C4ACC /* Pods_Login_SwiftUI_Login_SwiftUIUITests.framework */; };
		96278B40BB8200A0B251B23B /* Pods_Login_SwiftUI.framework in Frameworks */ = {isa = PBXBuildFile; fileRef = 3AE89BC1138D541A35312B9F /* Pods_Login_SwiftUI.framework */; };
		FD55AE42254843830043E22C /* LineLoginButton.swift in Sources */ = {isa = PBXBuildFile; fileRef = FD55AE41254843820043E22C /* LineLoginButton.swift */; };
		FD80114D2542C3B6008906A4 /* String+Extensions.swift in Sources */ = {isa = PBXBuildFile; fileRef = FD80114C2542C3B6008906A4 /* String+Extensions.swift */; };
		FDA1D1EA2540460B00BCD900 /* AppDelegate.swift in Sources */ = {isa = PBXBuildFile; fileRef = FDA1D1E92540460B00BCD900 /* AppDelegate.swift */; };
		FDA1D1EC2540460B00BCD900 /* SceneDelegate.swift in Sources */ = {isa = PBXBuildFile; fileRef = FDA1D1EB2540460B00BCD900 /* SceneDelegate.swift */; };
		FDA1D1EE2540460B00BCD900 /* LoginView.swift in Sources */ = {isa = PBXBuildFile; fileRef = FDA1D1ED2540460B00BCD900 /* LoginView.swift */; };
		FDA1D1F02540461000BCD900 /* Assets.xcassets in Resources */ = {isa = PBXBuildFile; fileRef = FDA1D1EF2540461000BCD900 /* Assets.xcassets */; };
		FDA1D1F32540461000BCD900 /* Preview Assets.xcassets in Resources */ = {isa = PBXBuildFile; fileRef = FDA1D1F22540461000BCD900 /* Preview Assets.xcassets */; };
		FDA1D1F62540461000BCD900 /* LaunchScreen.storyboard in Resources */ = {isa = PBXBuildFile; fileRef = FDA1D1F42540461000BCD900 /* LaunchScreen.storyboard */; };
		FDA1D2012540461100BCD900 /* Login_SwiftUITests.swift in Sources */ = {isa = PBXBuildFile; fileRef = FDA1D2002540461100BCD900 /* Login_SwiftUITests.swift */; };
		FDA1D20C2540461100BCD900 /* Login_SwiftUIUITests.swift in Sources */ = {isa = PBXBuildFile; fileRef = FDA1D20B2540461100BCD900 /* Login_SwiftUIUITests.swift */; };
		FDA1D2202542B3D700BCD900 /* LoginViewModel.swift in Sources */ = {isa = PBXBuildFile; fileRef = FDA1D21F2542B3D700BCD900 /* LoginViewModel.swift */; };
/* End PBXBuildFile section */

/* Begin PBXContainerItemProxy section */
		FDA1D1FD2540461100BCD900 /* PBXContainerItemProxy */ = {
			isa = PBXContainerItemProxy;
			containerPortal = FDA1D1DE2540460A00BCD900 /* Project object */;
			proxyType = 1;
			remoteGlobalIDString = FDA1D1E52540460A00BCD900;
			remoteInfo = Login_SwiftUI;
		};
		FDA1D2082540461100BCD900 /* PBXContainerItemProxy */ = {
			isa = PBXContainerItemProxy;
			containerPortal = FDA1D1DE2540460A00BCD900 /* Project object */;
			proxyType = 1;
			remoteGlobalIDString = FDA1D1E52540460A00BCD900;
			remoteInfo = Login_SwiftUI;
		};
/* End PBXContainerItemProxy section */

/* Begin PBXFileReference section */
		1BC5C6BA2219501637EF4B96 /* Pods-Login_SwiftUITests.debug.xcconfig */ = {isa = PBXFileReference; includeInIndex = 1; lastKnownFileType = text.xcconfig; name = "Pods-Login_SwiftUITests.debug.xcconfig"; path = "Target Support Files/Pods-Login_SwiftUITests/Pods-Login_SwiftUITests.debug.xcconfig"; sourceTree = "<group>"; };
		1C7C6C4A4FC4A764EC546F0E /* Pods-Login_SwiftUITests.release.xcconfig */ = {isa = PBXFileReference; includeInIndex = 1; lastKnownFileType = text.xcconfig; name = "Pods-Login_SwiftUITests.release.xcconfig"; path = "Target Support Files/Pods-Login_SwiftUITests/Pods-Login_SwiftUITests.release.xcconfig"; sourceTree = "<group>"; };
		3AE89BC1138D541A35312B9F /* Pods_Login_SwiftUI.framework */ = {isa = PBXFileReference; explicitFileType = wrapper.framework; includeInIndex = 0; path = Pods_Login_SwiftUI.framework; sourceTree = BUILT_PRODUCTS_DIR; };
		43541F838ABE97C86ED7EB12 /* Pods-Login_SwiftUI-Login_SwiftUIUITests.debug.xcconfig */ = {isa = PBXFileReference; includeInIndex = 1; lastKnownFileType = text.xcconfig; name = "Pods-Login_SwiftUI-Login_SwiftUIUITests.debug.xcconfig"; path = "Target Support Files/Pods-Login_SwiftUI-Login_SwiftUIUITests/Pods-Login_SwiftUI-Login_SwiftUIUITests.debug.xcconfig"; sourceTree = "<group>"; };
		8D66C2D5AC2B8A570AEFCC1A /* Pods_Login_SwiftUITests.framework */ = {isa = PBXFileReference; explicitFileType = wrapper.framework; includeInIndex = 0; path = Pods_Login_SwiftUITests.framework; sourceTree = BUILT_PRODUCTS_DIR; };
		A1D4994D70AE55666F8C60EE /* Pods-Login_SwiftUI.debug.xcconfig */ = {isa = PBXFileReference; includeInIndex = 1; lastKnownFileType = text.xcconfig; name = "Pods-Login_SwiftUI.debug.xcconfig"; path = "Target Support Files/Pods-Login_SwiftUI/Pods-Login_SwiftUI.debug.xcconfig"; sourceTree = "<group>"; };
		B75EEE428710274ABE6C4ACC /* Pods_Login_SwiftUI_Login_SwiftUIUITests.framework */ = {isa = PBXFileReference; explicitFileType = wrapper.framework; includeInIndex = 0; path = Pods_Login_SwiftUI_Login_SwiftUIUITests.framework; sourceTree = BUILT_PRODUCTS_DIR; };
		F05F6AC9E7DB588F6ED83955 /* Pods-Login_SwiftUI.release.xcconfig */ = {isa = PBXFileReference; includeInIndex = 1; lastKnownFileType = text.xcconfig; name = "Pods-Login_SwiftUI.release.xcconfig"; path = "Target Support Files/Pods-Login_SwiftUI/Pods-Login_SwiftUI.release.xcconfig"; sourceTree = "<group>"; };
		FC4432A6E8569F973BE763AF /* Pods-Login_SwiftUI-Login_SwiftUIUITests.release.xcconfig */ = {isa = PBXFileReference; includeInIndex = 1; lastKnownFileType = text.xcconfig; name = "Pods-Login_SwiftUI-Login_SwiftUIUITests.release.xcconfig"; path = "Target Support Files/Pods-Login_SwiftUI-Login_SwiftUIUITests/Pods-Login_SwiftUI-Login_SwiftUIUITests.release.xcconfig"; sourceTree = "<group>"; };
		FD55AE41254843820043E22C /* LineLoginButton.swift */ = {isa = PBXFileReference; lastKnownFileType = sourcecode.swift; path = LineLoginButton.swift; sourceTree = "<group>"; };
		FD55AE5C2549645F0043E22C /* ja */ = {isa = PBXFileReference; lastKnownFileType = text.plist.strings; name = ja; path = ja.lproj/LaunchScreen.strings; sourceTree = "<group>"; };
		FD80114C2542C3B6008906A4 /* String+Extensions.swift */ = {isa = PBXFileReference; lastKnownFileType = sourcecode.swift; path = "String+Extensions.swift"; sourceTree = "<group>"; };
		FDA1D1E62540460B00BCD900 /* Login_SwiftUI.app */ = {isa = PBXFileReference; explicitFileType = wrapper.application; includeInIndex = 0; path = Login_SwiftUI.app; sourceTree = BUILT_PRODUCTS_DIR; };
		FDA1D1E92540460B00BCD900 /* AppDelegate.swift */ = {isa = PBXFileReference; lastKnownFileType = sourcecode.swift; path = AppDelegate.swift; sourceTree = "<group>"; };
		FDA1D1EB2540460B00BCD900 /* SceneDelegate.swift */ = {isa = PBXFileReference; lastKnownFileType = sourcecode.swift; path = SceneDelegate.swift; sourceTree = "<group>"; };
		FDA1D1ED2540460B00BCD900 /* LoginView.swift */ = {isa = PBXFileReference; lastKnownFileType = sourcecode.swift; path = LoginView.swift; sourceTree = "<group>"; };
		FDA1D1EF2540461000BCD900 /* Assets.xcassets */ = {isa = PBXFileReference; lastKnownFileType = folder.assetcatalog; path = Assets.xcassets; sourceTree = "<group>"; };
		FDA1D1F22540461000BCD900 /* Preview Assets.xcassets */ = {isa = PBXFileReference; lastKnownFileType = folder.assetcatalog; path = "Preview Assets.xcassets"; sourceTree = "<group>"; };
		FDA1D1F52540461000BCD900 /* Base */ = {isa = PBXFileReference; lastKnownFileType = file.storyboard; name = Base; path = Base.lproj/LaunchScreen.storyboard; sourceTree = "<group>"; };
		FDA1D1F72540461000BCD900 /* Info.plist */ = {isa = PBXFileReference; lastKnownFileType = text.plist.xml; path = Info.plist; sourceTree = "<group>"; };
		FDA1D1FC2540461100BCD900 /* Login_SwiftUITests.xctest */ = {isa = PBXFileReference; explicitFileType = wrapper.cfbundle; includeInIndex = 0; path = Login_SwiftUITests.xctest; sourceTree = BUILT_PRODUCTS_DIR; };
		FDA1D2002540461100BCD900 /* Login_SwiftUITests.swift */ = {isa = PBXFileReference; lastKnownFileType = sourcecode.swift; path = Login_SwiftUITests.swift; sourceTree = "<group>"; };
		FDA1D2022540461100BCD900 /* Info.plist */ = {isa = PBXFileReference; lastKnownFileType = text.plist.xml; path = Info.plist; sourceTree = "<group>"; };
		FDA1D2072540461100BCD900 /* Login_SwiftUIUITests.xctest */ = {isa = PBXFileReference; explicitFileType = wrapper.cfbundle; includeInIndex = 0; path = Login_SwiftUIUITests.xctest; sourceTree = BUILT_PRODUCTS_DIR; };
		FDA1D20B2540461100BCD900 /* Login_SwiftUIUITests.swift */ = {isa = PBXFileReference; lastKnownFileType = sourcecode.swift; path = Login_SwiftUIUITests.swift; sourceTree = "<group>"; };
		FDA1D20D2540461100BCD900 /* Info.plist */ = {isa = PBXFileReference; lastKnownFileType = text.plist.xml; path = Info.plist; sourceTree = "<group>"; };
		FDA1D21F2542B3D700BCD900 /* LoginViewModel.swift */ = {isa = PBXFileReference; lastKnownFileType = sourcecode.swift; path = LoginViewModel.swift; sourceTree = "<group>"; };
/* End PBXFileReference section */

/* Begin PBXFrameworksBuildPhase section */
		FDA1D1E32540460A00BCD900 /* Frameworks */ = {
			isa = PBXFrameworksBuildPhase;
			buildActionMask = 2147483647;
			files = (
				96278B40BB8200A0B251B23B /* Pods_Login_SwiftUI.framework in Frameworks */,
			);
			runOnlyForDeploymentPostprocessing = 0;
		};
		FDA1D1F92540461100BCD900 /* Frameworks */ = {
			isa = PBXFrameworksBuildPhase;
			buildActionMask = 2147483647;
			files = (
				01E24388CD2C477A0AEA02E9 /* Pods_Login_SwiftUITests.framework in Frameworks */,
			);
			runOnlyForDeploymentPostprocessing = 0;
		};
		FDA1D2042540461100BCD900 /* Frameworks */ = {
			isa = PBXFrameworksBuildPhase;
			buildActionMask = 2147483647;
			files = (
				7BAF88BA5F205ECF0D50CEAE /* Pods_Login_SwiftUI_Login_SwiftUIUITests.framework in Frameworks */,
			);
			runOnlyForDeploymentPostprocessing = 0;
		};
/* End PBXFrameworksBuildPhase section */

/* Begin PBXGroup section */
		B2FF7736C0844CAAA69A73E5 /* Pods */ = {
			isa = PBXGroup;
			children = (
				A1D4994D70AE55666F8C60EE /* Pods-Login_SwiftUI.debug.xcconfig */,
				F05F6AC9E7DB588F6ED83955 /* Pods-Login_SwiftUI.release.xcconfig */,
				43541F838ABE97C86ED7EB12 /* Pods-Login_SwiftUI-Login_SwiftUIUITests.debug.xcconfig */,
				FC4432A6E8569F973BE763AF /* Pods-Login_SwiftUI-Login_SwiftUIUITests.release.xcconfig */,
				1BC5C6BA2219501637EF4B96 /* Pods-Login_SwiftUITests.debug.xcconfig */,
				1C7C6C4A4FC4A764EC546F0E /* Pods-Login_SwiftUITests.release.xcconfig */,
			);
			path = Pods;
			sourceTree = "<group>";
		};
		BBB5A94679CDFAE946CFA7F1 /* Frameworks */ = {
			isa = PBXGroup;
			children = (
				3AE89BC1138D541A35312B9F /* Pods_Login_SwiftUI.framework */,
				B75EEE428710274ABE6C4ACC /* Pods_Login_SwiftUI_Login_SwiftUIUITests.framework */,
				8D66C2D5AC2B8A570AEFCC1A /* Pods_Login_SwiftUITests.framework */,
			);
			name = Frameworks;
			sourceTree = "<group>";
		};
		FD8011422542BCC9008906A4 /* SupportingFiles */ = {
			isa = PBXGroup;
			children = (
				FDA1D1E92540460B00BCD900 /* AppDelegate.swift */,
				FDA1D1EB2540460B00BCD900 /* SceneDelegate.swift */,
				FDA1D1EF2540461000BCD900 /* Assets.xcassets */,
				FDA1D1F72540461000BCD900 /* Info.plist */,
				FDA1D1F42540461000BCD900 /* LaunchScreen.storyboard */,
			);
			path = SupportingFiles;
			sourceTree = "<group>";
		};
		FD8011432542BCFB008906A4 /* Login */ = {
			isa = PBXGroup;
			children = (
				FDA1D1ED2540460B00BCD900 /* LoginView.swift */,
				FDA1D21F2542B3D700BCD900 /* LoginViewModel.swift */,
				FD55AE41254843820043E22C /* LineLoginButton.swift */,
			);
			path = Login;
			sourceTree = "<group>";
		};
		FD80114A2542C062008906A4 /* Extensions */ = {
			isa = PBXGroup;
			children = (
				FD80114C2542C3B6008906A4 /* String+Extensions.swift */,
			);
			path = Extensions;
			sourceTree = "<group>";
		};
		FD80114B2542C370008906A4 /* Common */ = {
			isa = PBXGroup;
			children = (
				FD80114A2542C062008906A4 /* Extensions */,
			);
			path = Common;
			sourceTree = "<group>";
		};
		FDA1D1DD2540460A00BCD900 = {
			isa = PBXGroup;
			children = (
				FDA1D1E82540460B00BCD900 /* Login_SwiftUI */,
				FDA1D1FF2540461100BCD900 /* Login_SwiftUITests */,
				FDA1D20A2540461100BCD900 /* Login_SwiftUIUITests */,
				FDA1D1E72540460B00BCD900 /* Products */,
				B2FF7736C0844CAAA69A73E5 /* Pods */,
				BBB5A94679CDFAE946CFA7F1 /* Frameworks */,
			);
			sourceTree = "<group>";
		};
		FDA1D1E72540460B00BCD900 /* Products */ = {
			isa = PBXGroup;
			children = (
				FDA1D1E62540460B00BCD900 /* Login_SwiftUI.app */,
				FDA1D1FC2540461100BCD900 /* Login_SwiftUITests.xctest */,
				FDA1D2072540461100BCD900 /* Login_SwiftUIUITests.xctest */,
			);
			name = Products;
			sourceTree = "<group>";
		};
		FDA1D1E82540460B00BCD900 /* Login_SwiftUI */ = {
			isa = PBXGroup;
			children = (
				FD80114B2542C370008906A4 /* Common */,
				FD8011432542BCFB008906A4 /* Login */,
				FD8011422542BCC9008906A4 /* SupportingFiles */,
				FDA1D1F12540461000BCD900 /* Preview Content */,
			);
			path = Login_SwiftUI;
			sourceTree = "<group>";
		};
		FDA1D1F12540461000BCD900 /* Preview Content */ = {
			isa = PBXGroup;
			children = (
				FDA1D1F22540461000BCD900 /* Preview Assets.xcassets */,
			);
			path = "Preview Content";
			sourceTree = "<group>";
		};
		FDA1D1FF2540461100BCD900 /* Login_SwiftUITests */ = {
			isa = PBXGroup;
			children = (
				FDA1D2002540461100BCD900 /* Login_SwiftUITests.swift */,
				FDA1D2022540461100BCD900 /* Info.plist */,
			);
			path = Login_SwiftUITests;
			sourceTree = "<group>";
		};
		FDA1D20A2540461100BCD900 /* Login_SwiftUIUITests */ = {
			isa = PBXGroup;
			children = (
				FDA1D20B2540461100BCD900 /* Login_SwiftUIUITests.swift */,
				FDA1D20D2540461100BCD900 /* Info.plist */,
			);
			path = Login_SwiftUIUITests;
			sourceTree = "<group>";
		};
/* End PBXGroup section */

/* Begin PBXNativeTarget section */
		FDA1D1E52540460A00BCD900 /* Login_SwiftUI */ = {
			isa = PBXNativeTarget;
			buildConfigurationList = FDA1D2102540461100BCD900 /* Build configuration list for PBXNativeTarget "Login_SwiftUI" */;
			buildPhases = (
				60F82502E28836A1EC1CE945 /* [CP] Check Pods Manifest.lock */,
				FDA1D1E22540460A00BCD900 /* Sources */,
				FDA1D1E32540460A00BCD900 /* Frameworks */,
				FDA1D1E42540460A00BCD900 /* Resources */,
				A4D055B30612E6C8349A668E /* [CP] Embed Pods Frameworks */,
			);
			buildRules = (
			);
			dependencies = (
			);
			name = Login_SwiftUI;
			productName = Login_SwiftUI;
			productReference = FDA1D1E62540460B00BCD900 /* Login_SwiftUI.app */;
			productType = "com.apple.product-type.application";
		};
		FDA1D1FB2540461100BCD900 /* Login_SwiftUITests */ = {
			isa = PBXNativeTarget;
			buildConfigurationList = FDA1D2132540461100BCD900 /* Build configuration list for PBXNativeTarget "Login_SwiftUITests" */;
			buildPhases = (
				1668E0FBCABDF9EBA243A800 /* [CP] Check Pods Manifest.lock */,
				FDA1D1F82540461100BCD900 /* Sources */,
				FDA1D1F92540461100BCD900 /* Frameworks */,
				FDA1D1FA2540461100BCD900 /* Resources */,
			);
			buildRules = (
			);
			dependencies = (
				FDA1D1FE2540461100BCD900 /* PBXTargetDependency */,
			);
			name = Login_SwiftUITests;
			productName = Login_SwiftUITests;
			productReference = FDA1D1FC2540461100BCD900 /* Login_SwiftUITests.xctest */;
			productType = "com.apple.product-type.bundle.unit-test";
		};
		FDA1D2062540461100BCD900 /* Login_SwiftUIUITests */ = {
			isa = PBXNativeTarget;
			buildConfigurationList = FDA1D2162540461100BCD900 /* Build configuration list for PBXNativeTarget "Login_SwiftUIUITests" */;
			buildPhases = (
				8A502EAACD62443420A71218 /* [CP] Check Pods Manifest.lock */,
				FDA1D2032540461100BCD900 /* Sources */,
				FDA1D2042540461100BCD900 /* Frameworks */,
				FDA1D2052540461100BCD900 /* Resources */,
				CAF9F7E6E91A40B66D45CD1B /* [CP] Embed Pods Frameworks */,
			);
			buildRules = (
			);
			dependencies = (
				FDA1D2092540461100BCD900 /* PBXTargetDependency */,
			);
			name = Login_SwiftUIUITests;
			productName = Login_SwiftUIUITests;
			productReference = FDA1D2072540461100BCD900 /* Login_SwiftUIUITests.xctest */;
			productType = "com.apple.product-type.bundle.ui-testing";
		};
/* End PBXNativeTarget section */

/* Begin PBXProject section */
		FDA1D1DE2540460A00BCD900 /* Project object */ = {
			isa = PBXProject;
			attributes = {
				LastSwiftUpdateCheck = 1200;
				LastUpgradeCheck = 1200;
				TargetAttributes = {
					FDA1D1E52540460A00BCD900 = {
						CreatedOnToolsVersion = 12.0.1;
					};
					FDA1D1FB2540461100BCD900 = {
						CreatedOnToolsVersion = 12.0.1;
						TestTargetID = FDA1D1E52540460A00BCD900;
					};
					FDA1D2062540461100BCD900 = {
						CreatedOnToolsVersion = 12.0.1;
						TestTargetID = FDA1D1E52540460A00BCD900;
					};
				};
			};
			buildConfigurationList = FDA1D1E12540460A00BCD900 /* Build configuration list for PBXProject "Login_SwiftUI" */;
			compatibilityVersion = "Xcode 9.3";
			developmentRegion = en;
			hasScannedForEncodings = 0;
			knownRegions = (
				en,
				Base,
				ja,
			);
			mainGroup = FDA1D1DD2540460A00BCD900;
			productRefGroup = FDA1D1E72540460B00BCD900 /* Products */;
			projectDirPath = "";
			projectRoot = "";
			targets = (
				FDA1D1E52540460A00BCD900 /* Login_SwiftUI */,
				FDA1D1FB2540461100BCD900 /* Login_SwiftUITests */,
				FDA1D2062540461100BCD900 /* Login_SwiftUIUITests */,
			);
		};
/* End PBXProject section */

/* Begin PBXResourcesBuildPhase section */
		FDA1D1E42540460A00BCD900 /* Resources */ = {
			isa = PBXResourcesBuildPhase;
			buildActionMask = 2147483647;
			files = (
				FDA1D1F62540461000BCD900 /* LaunchScreen.storyboard in Resources */,
				FDA1D1F32540461000BCD900 /* Preview Assets.xcassets in Resources */,
				FDA1D1F02540461000BCD900 /* Assets.xcassets in Resources */,
			);
			runOnlyForDeploymentPostprocessing = 0;
		};
		FDA1D1FA2540461100BCD900 /* Resources */ = {
			isa = PBXResourcesBuildPhase;
			buildActionMask = 2147483647;
			files = (
			);
			runOnlyForDeploymentPostprocessing = 0;
		};
		FDA1D2052540461100BCD900 /* Resources */ = {
			isa = PBXResourcesBuildPhase;
			buildActionMask = 2147483647;
			files = (
			);
			runOnlyForDeploymentPostprocessing = 0;
		};
/* End PBXResourcesBuildPhase section */

/* Begin PBXShellScriptBuildPhase section */
		1668E0FBCABDF9EBA243A800 /* [CP] Check Pods Manifest.lock */ = {
			isa = PBXShellScriptBuildPhase;
			buildActionMask = 2147483647;
			files = (
			);
			inputFileListPaths = (
			);
			inputPaths = (
				"${PODS_PODFILE_DIR_PATH}/Podfile.lock",
				"${PODS_ROOT}/Manifest.lock",
			);
			name = "[CP] Check Pods Manifest.lock";
			outputFileListPaths = (
			);
			outputPaths = (
				"$(DERIVED_FILE_DIR)/Pods-Login_SwiftUITests-checkManifestLockResult.txt",
			);
			runOnlyForDeploymentPostprocessing = 0;
			shellPath = /bin/sh;
			shellScript = "diff \"${PODS_PODFILE_DIR_PATH}/Podfile.lock\" \"${PODS_ROOT}/Manifest.lock\" > /dev/null\nif [ $? != 0 ] ; then\n    # print error to STDERR\n    echo \"error: The sandbox is not in sync with the Podfile.lock. Run 'pod install' or update your CocoaPods installation.\" >&2\n    exit 1\nfi\n# This output is used by Xcode 'outputs' to avoid re-running this script phase.\necho \"SUCCESS\" > \"${SCRIPT_OUTPUT_FILE_0}\"\n";
			showEnvVarsInLog = 0;
		};
		60F82502E28836A1EC1CE945 /* [CP] Check Pods Manifest.lock */ = {
			isa = PBXShellScriptBuildPhase;
			buildActionMask = 2147483647;
			files = (
			);
			inputFileListPaths = (
			);
			inputPaths = (
				"${PODS_PODFILE_DIR_PATH}/Podfile.lock",
				"${PODS_ROOT}/Manifest.lock",
			);
			name = "[CP] Check Pods Manifest.lock";
			outputFileListPaths = (
			);
			outputPaths = (
				"$(DERIVED_FILE_DIR)/Pods-Login_SwiftUI-checkManifestLockResult.txt",
			);
			runOnlyForDeploymentPostprocessing = 0;
			shellPath = /bin/sh;
			shellScript = "diff \"${PODS_PODFILE_DIR_PATH}/Podfile.lock\" \"${PODS_ROOT}/Manifest.lock\" > /dev/null\nif [ $? != 0 ] ; then\n    # print error to STDERR\n    echo \"error: The sandbox is not in sync with the Podfile.lock. Run 'pod install' or update your CocoaPods installation.\" >&2\n    exit 1\nfi\n# This output is used by Xcode 'outputs' to avoid re-running this script phase.\necho \"SUCCESS\" > \"${SCRIPT_OUTPUT_FILE_0}\"\n";
			showEnvVarsInLog = 0;
		};
		8A502EAACD62443420A71218 /* [CP] Check Pods Manifest.lock */ = {
			isa = PBXShellScriptBuildPhase;
			buildActionMask = 2147483647;
			files = (
			);
			inputFileListPaths = (
			);
			inputPaths = (
				"${PODS_PODFILE_DIR_PATH}/Podfile.lock",
				"${PODS_ROOT}/Manifest.lock",
			);
			name = "[CP] Check Pods Manifest.lock";
			outputFileListPaths = (
			);
			outputPaths = (
				"$(DERIVED_FILE_DIR)/Pods-Login_SwiftUI-Login_SwiftUIUITests-checkManifestLockResult.txt",
			);
			runOnlyForDeploymentPostprocessing = 0;
			shellPath = /bin/sh;
			shellScript = "diff \"${PODS_PODFILE_DIR_PATH}/Podfile.lock\" \"${PODS_ROOT}/Manifest.lock\" > /dev/null\nif [ $? != 0 ] ; then\n    # print error to STDERR\n    echo \"error: The sandbox is not in sync with the Podfile.lock. Run 'pod install' or update your CocoaPods installation.\" >&2\n    exit 1\nfi\n# This output is used by Xcode 'outputs' to avoid re-running this script phase.\necho \"SUCCESS\" > \"${SCRIPT_OUTPUT_FILE_0}\"\n";
			showEnvVarsInLog = 0;
		};
		A4D055B30612E6C8349A668E /* [CP] Embed Pods Frameworks */ = {
			isa = PBXShellScriptBuildPhase;
			buildActionMask = 2147483647;
			files = (
			);
			inputFileListPaths = (
				"${PODS_ROOT}/Target Support Files/Pods-Login_SwiftUI/Pods-Login_SwiftUI-frameworks-${CONFIGURATION}-input-files.xcfilelist",
			);
			name = "[CP] Embed Pods Frameworks";
			outputFileListPaths = (
				"${PODS_ROOT}/Target Support Files/Pods-Login_SwiftUI/Pods-Login_SwiftUI-frameworks-${CONFIGURATION}-output-files.xcfilelist",
			);
			runOnlyForDeploymentPostprocessing = 0;
			shellPath = /bin/sh;
			shellScript = "\"${PODS_ROOT}/Target Support Files/Pods-Login_SwiftUI/Pods-Login_SwiftUI-frameworks.sh\"\n";
			showEnvVarsInLog = 0;
		};
		CAF9F7E6E91A40B66D45CD1B /* [CP] Embed Pods Frameworks */ = {
			isa = PBXShellScriptBuildPhase;
			buildActionMask = 2147483647;
			files = (
			);
			inputFileListPaths = (
				"${PODS_ROOT}/Target Support Files/Pods-Login_SwiftUI-Login_SwiftUIUITests/Pods-Login_SwiftUI-Login_SwiftUIUITests-frameworks-${CONFIGURATION}-input-files.xcfilelist",
			);
			name = "[CP] Embed Pods Frameworks";
			outputFileListPaths = (
				"${PODS_ROOT}/Target Support Files/Pods-Login_SwiftUI-Login_SwiftUIUITests/Pods-Login_SwiftUI-Login_SwiftUIUITests-frameworks-${CONFIGURATION}-output-files.xcfilelist",
			);
			runOnlyForDeploymentPostprocessing = 0;
			shellPath = /bin/sh;
			shellScript = "\"${PODS_ROOT}/Target Support Files/Pods-Login_SwiftUI-Login_SwiftUIUITests/Pods-Login_SwiftUI-Login_SwiftUIUITests-frameworks.sh\"\n";
			showEnvVarsInLog = 0;
		};
/* End PBXShellScriptBuildPhase section */

/* Begin PBXSourcesBuildPhase section */
		FDA1D1E22540460A00BCD900 /* Sources */ = {
			isa = PBXSourcesBuildPhase;
			buildActionMask = 2147483647;
			files = (
				FD80114D2542C3B6008906A4 /* String+Extensions.swift in Sources */,
				FDA1D2202542B3D700BCD900 /* LoginViewModel.swift in Sources */,
				FDA1D1EA2540460B00BCD900 /* AppDelegate.swift in Sources */,
				FDA1D1EC2540460B00BCD900 /* SceneDelegate.swift in Sources */,
				FDA1D1EE2540460B00BCD900 /* LoginView.swift in Sources */,
				FD55AE42254843830043E22C /* LineLoginButton.swift in Sources */,
			);
			runOnlyForDeploymentPostprocessing = 0;
		};
		FDA1D1F82540461100BCD900 /* Sources */ = {
			isa = PBXSourcesBuildPhase;
			buildActionMask = 2147483647;
			files = (
				FDA1D2012540461100BCD900 /* Login_SwiftUITests.swift in Sources */,
			);
			runOnlyForDeploymentPostprocessing = 0;
		};
		FDA1D2032540461100BCD900 /* Sources */ = {
			isa = PBXSourcesBuildPhase;
			buildActionMask = 2147483647;
			files = (
				FDA1D20C2540461100BCD900 /* Login_SwiftUIUITests.swift in Sources */,
			);
			runOnlyForDeploymentPostprocessing = 0;
		};
/* End PBXSourcesBuildPhase section */

/* Begin PBXTargetDependency section */
		FDA1D1FE2540461100BCD900 /* PBXTargetDependency */ = {
			isa = PBXTargetDependency;
			target = FDA1D1E52540460A00BCD900 /* Login_SwiftUI */;
			targetProxy = FDA1D1FD2540461100BCD900 /* PBXContainerItemProxy */;
		};
		FDA1D2092540461100BCD900 /* PBXTargetDependency */ = {
			isa = PBXTargetDependency;
			target = FDA1D1E52540460A00BCD900 /* Login_SwiftUI */;
			targetProxy = FDA1D2082540461100BCD900 /* PBXContainerItemProxy */;
		};
/* End PBXTargetDependency section */

/* Begin PBXVariantGroup section */
		FDA1D1F42540461000BCD900 /* LaunchScreen.storyboard */ = {
			isa = PBXVariantGroup;
			children = (
				FDA1D1F52540461000BCD900 /* Base */,
				FD55AE5C2549645F0043E22C /* ja */,
			);
			name = LaunchScreen.storyboard;
			sourceTree = "<group>";
		};
/* End PBXVariantGroup section */

/* Begin XCBuildConfiguration section */
		FDA1D20E2540461100BCD900 /* Debug */ = {
			isa = XCBuildConfiguration;
			buildSettings = {
				ALWAYS_SEARCH_USER_PATHS = NO;
				CLANG_ANALYZER_LOCALIZABILITY_NONLOCALIZED = YES;
				CLANG_ANALYZER_NONNULL = YES;
				CLANG_ANALYZER_NUMBER_OBJECT_CONVERSION = YES_AGGRESSIVE;
				CLANG_CXX_LANGUAGE_STANDARD = "gnu++14";
				CLANG_CXX_LIBRARY = "libc++";
				CLANG_ENABLE_MODULES = YES;
				CLANG_ENABLE_OBJC_ARC = YES;
				CLANG_ENABLE_OBJC_WEAK = YES;
				CLANG_WARN_BLOCK_CAPTURE_AUTORELEASING = YES;
				CLANG_WARN_BOOL_CONVERSION = YES;
				CLANG_WARN_COMMA = YES;
				CLANG_WARN_CONSTANT_CONVERSION = YES;
				CLANG_WARN_DEPRECATED_OBJC_IMPLEMENTATIONS = YES;
				CLANG_WARN_DIRECT_OBJC_ISA_USAGE = YES_ERROR;
				CLANG_WARN_DOCUMENTATION_COMMENTS = YES;
				CLANG_WARN_EMPTY_BODY = YES;
				CLANG_WARN_ENUM_CONVERSION = YES;
				CLANG_WARN_INFINITE_RECURSION = YES;
				CLANG_WARN_INT_CONVERSION = YES;
				CLANG_WARN_NON_LITERAL_NULL_CONVERSION = YES;
				CLANG_WARN_OBJC_IMPLICIT_RETAIN_SELF = YES;
				CLANG_WARN_OBJC_LITERAL_CONVERSION = YES;
				CLANG_WARN_OBJC_ROOT_CLASS = YES_ERROR;
				CLANG_WARN_QUOTED_INCLUDE_IN_FRAMEWORK_HEADER = YES;
				CLANG_WARN_RANGE_LOOP_ANALYSIS = YES;
				CLANG_WARN_STRICT_PROTOTYPES = YES;
				CLANG_WARN_SUSPICIOUS_MOVE = YES;
				CLANG_WARN_UNGUARDED_AVAILABILITY = YES_AGGRESSIVE;
				CLANG_WARN_UNREACHABLE_CODE = YES;
				CLANG_WARN__DUPLICATE_METHOD_MATCH = YES;
				COPY_PHASE_STRIP = NO;
				DEBUG_INFORMATION_FORMAT = dwarf;
				ENABLE_STRICT_OBJC_MSGSEND = YES;
				ENABLE_TESTABILITY = YES;
				GCC_C_LANGUAGE_STANDARD = gnu11;
				GCC_DYNAMIC_NO_PIC = NO;
				GCC_NO_COMMON_BLOCKS = YES;
				GCC_OPTIMIZATION_LEVEL = 0;
				GCC_PREPROCESSOR_DEFINITIONS = (
					"DEBUG=1",
					"$(inherited)",
				);
				GCC_WARN_64_TO_32_BIT_CONVERSION = YES;
				GCC_WARN_ABOUT_RETURN_TYPE = YES_ERROR;
				GCC_WARN_UNDECLARED_SELECTOR = YES;
				GCC_WARN_UNINITIALIZED_AUTOS = YES_AGGRESSIVE;
				GCC_WARN_UNUSED_FUNCTION = YES;
				GCC_WARN_UNUSED_VARIABLE = YES;
				IPHONEOS_DEPLOYMENT_TARGET = 14.0;
				MTL_ENABLE_DEBUG_INFO = INCLUDE_SOURCE;
				MTL_FAST_MATH = YES;
				ONLY_ACTIVE_ARCH = YES;
				SDKROOT = iphoneos;
				SWIFT_ACTIVE_COMPILATION_CONDITIONS = DEBUG;
				SWIFT_OPTIMIZATION_LEVEL = "-Onone";
			};
			name = Debug;
		};
		FDA1D20F2540461100BCD900 /* Release */ = {
			isa = XCBuildConfiguration;
			buildSettings = {
				ALWAYS_SEARCH_USER_PATHS = NO;
				CLANG_ANALYZER_LOCALIZABILITY_NONLOCALIZED = YES;
				CLANG_ANALYZER_NONNULL = YES;
				CLANG_ANALYZER_NUMBER_OBJECT_CONVERSION = YES_AGGRESSIVE;
				CLANG_CXX_LANGUAGE_STANDARD = "gnu++14";
				CLANG_CXX_LIBRARY = "libc++";
				CLANG_ENABLE_MODULES = YES;
				CLANG_ENABLE_OBJC_ARC = YES;
				CLANG_ENABLE_OBJC_WEAK = YES;
				CLANG_WARN_BLOCK_CAPTURE_AUTORELEASING = YES;
				CLANG_WARN_BOOL_CONVERSION = YES;
				CLANG_WARN_COMMA = YES;
				CLANG_WARN_CONSTANT_CONVERSION = YES;
				CLANG_WARN_DEPRECATED_OBJC_IMPLEMENTATIONS = YES;
				CLANG_WARN_DIRECT_OBJC_ISA_USAGE = YES_ERROR;
				CLANG_WARN_DOCUMENTATION_COMMENTS = YES;
				CLANG_WARN_EMPTY_BODY = YES;
				CLANG_WARN_ENUM_CONVERSION = YES;
				CLANG_WARN_INFINITE_RECURSION = YES;
				CLANG_WARN_INT_CONVERSION = YES;
				CLANG_WARN_NON_LITERAL_NULL_CONVERSION = YES;
				CLANG_WARN_OBJC_IMPLICIT_RETAIN_SELF = YES;
				CLANG_WARN_OBJC_LITERAL_CONVERSION = YES;
				CLANG_WARN_OBJC_ROOT_CLASS = YES_ERROR;
				CLANG_WARN_QUOTED_INCLUDE_IN_FRAMEWORK_HEADER = YES;
				CLANG_WARN_RANGE_LOOP_ANALYSIS = YES;
				CLANG_WARN_STRICT_PROTOTYPES = YES;
				CLANG_WARN_SUSPICIOUS_MOVE = YES;
				CLANG_WARN_UNGUARDED_AVAILABILITY = YES_AGGRESSIVE;
				CLANG_WARN_UNREACHABLE_CODE = YES;
				CLANG_WARN__DUPLICATE_METHOD_MATCH = YES;
				COPY_PHASE_STRIP = NO;
				DEBUG_INFORMATION_FORMAT = "dwarf-with-dsym";
				ENABLE_NS_ASSERTIONS = NO;
				ENABLE_STRICT_OBJC_MSGSEND = YES;
				GCC_C_LANGUAGE_STANDARD = gnu11;
				GCC_NO_COMMON_BLOCKS = YES;
				GCC_WARN_64_TO_32_BIT_CONVERSION = YES;
				GCC_WARN_ABOUT_RETURN_TYPE = YES_ERROR;
				GCC_WARN_UNDECLARED_SELECTOR = YES;
				GCC_WARN_UNINITIALIZED_AUTOS = YES_AGGRESSIVE;
				GCC_WARN_UNUSED_FUNCTION = YES;
				GCC_WARN_UNUSED_VARIABLE = YES;
				IPHONEOS_DEPLOYMENT_TARGET = 14.0;
				MTL_ENABLE_DEBUG_INFO = NO;
				MTL_FAST_MATH = YES;
				SDKROOT = iphoneos;
				SWIFT_COMPILATION_MODE = wholemodule;
				SWIFT_OPTIMIZATION_LEVEL = "-O";
				VALIDATE_PRODUCT = YES;
			};
			name = Release;
		};
		FDA1D2112540461100BCD900 /* Debug */ = {
			isa = XCBuildConfiguration;
			baseConfigurationReference = A1D4994D70AE55666F8C60EE /* Pods-Login_SwiftUI.debug.xcconfig */;
			buildSettings = {
				ASSETCATALOG_COMPILER_APPICON_NAME = AppIcon;
				ASSETCATALOG_COMPILER_GLOBAL_ACCENT_COLOR_NAME = AccentColor;
				CODE_SIGN_IDENTITY = "Apple Development";
				CODE_SIGN_STYLE = Automatic;
				DEVELOPMENT_ASSET_PATHS = "\"Login_SwiftUI/Preview Content\"";
				DEVELOPMENT_TEAM = 8DJ3WL36QU;
				ENABLE_PREVIEWS = YES;
				INFOPLIST_FILE = Login_SwiftUI/SupportingFiles/Info.plist;
				LD_RUNPATH_SEARCH_PATHS = (
					"$(inherited)",
					"@executable_path/Frameworks",
				);
				PRODUCT_BUNDLE_IDENTIFIER = "swift-beginners2.login-swiftui";
				PRODUCT_NAME = "$(TARGET_NAME)";
				PROVISIONING_PROFILE_SPECIFIER = "";
				SWIFT_VERSION = 5.0;
				TARGETED_DEVICE_FAMILY = "1,2";
			};
			name = Debug;
		};
		FDA1D2122540461100BCD900 /* Release */ = {
			isa = XCBuildConfiguration;
			baseConfigurationReference = F05F6AC9E7DB588F6ED83955 /* Pods-Login_SwiftUI.release.xcconfig */;
			buildSettings = {
				ASSETCATALOG_COMPILER_APPICON_NAME = AppIcon;
				ASSETCATALOG_COMPILER_GLOBAL_ACCENT_COLOR_NAME = AccentColor;
				CODE_SIGN_IDENTITY = "Apple Development";
				CODE_SIGN_STYLE = Automatic;
				DEVELOPMENT_ASSET_PATHS = "\"Login_SwiftUI/Preview Content\"";
				DEVELOPMENT_TEAM = 8DJ3WL36QU;
				ENABLE_PREVIEWS = YES;
				INFOPLIST_FILE = Login_SwiftUI/SupportingFiles/Info.plist;
				LD_RUNPATH_SEARCH_PATHS = (
					"$(inherited)",
					"@executable_path/Frameworks",
				);
				PRODUCT_BUNDLE_IDENTIFIER = "swift-beginners2.login-swiftui";
				PRODUCT_NAME = "$(TARGET_NAME)";
				PROVISIONING_PROFILE_SPECIFIER = "";
				SWIFT_VERSION = 5.0;
				TARGETED_DEVICE_FAMILY = "1,2";
			};
			name = Release;
		};
		FDA1D2142540461100BCD900 /* Debug */ = {
			isa = XCBuildConfiguration;
			baseConfigurationReference = 1BC5C6BA2219501637EF4B96 /* Pods-Login_SwiftUITests.debug.xcconfig */;
			buildSettings = {
				ALWAYS_EMBED_SWIFT_STANDARD_LIBRARIES = YES;
				BUNDLE_LOADER = "$(TEST_HOST)";
				CODE_SIGN_STYLE = Automatic;
				DEVELOPMENT_TEAM = 8DJ3WL36QU;
				INFOPLIST_FILE = Login_SwiftUITests/Info.plist;
				IPHONEOS_DEPLOYMENT_TARGET = 14.0;
				LD_RUNPATH_SEARCH_PATHS = (
					"$(inherited)",
					"@executable_path/Frameworks",
					"@loader_path/Frameworks",
				);
				PRODUCT_BUNDLE_IDENTIFIER = "Swift-beginners2.Login-SwiftUITests";
				PRODUCT_NAME = "$(TARGET_NAME)";
				SWIFT_VERSION = 5.0;
				TARGETED_DEVICE_FAMILY = "1,2";
				TEST_HOST = "$(BUILT_PRODUCTS_DIR)/Login_SwiftUI.app/Login_SwiftUI";
			};
			name = Debug;
		};
		FDA1D2152540461100BCD900 /* Release */ = {
			isa = XCBuildConfiguration;
			baseConfigurationReference = 1C7C6C4A4FC4A764EC546F0E /* Pods-Login_SwiftUITests.release.xcconfig */;
			buildSettings = {
				ALWAYS_EMBED_SWIFT_STANDARD_LIBRARIES = YES;
				BUNDLE_LOADER = "$(TEST_HOST)";
				CODE_SIGN_STYLE = Automatic;
				DEVELOPMENT_TEAM = 8DJ3WL36QU;
				INFOPLIST_FILE = Login_SwiftUITests/Info.plist;
				IPHONEOS_DEPLOYMENT_TARGET = 14.0;
				LD_RUNPATH_SEARCH_PATHS = (
					"$(inherited)",
					"@executable_path/Frameworks",
					"@loader_path/Frameworks",
				);
				PRODUCT_BUNDLE_IDENTIFIER = "Swift-beginners2.Login-SwiftUITests";
				PRODUCT_NAME = "$(TARGET_NAME)";
				SWIFT_VERSION = 5.0;
				TARGETED_DEVICE_FAMILY = "1,2";
				TEST_HOST = "$(BUILT_PRODUCTS_DIR)/Login_SwiftUI.app/Login_SwiftUI";
			};
			name = Release;
		};
		FDA1D2172540461100BCD900 /* Debug */ = {
			isa = XCBuildConfiguration;
			baseConfigurationReference = 43541F838ABE97C86ED7EB12 /* Pods-Login_SwiftUI-Login_SwiftUIUITests.debug.xcconfig */;
			buildSettings = {
				ALWAYS_EMBED_SWIFT_STANDARD_LIBRARIES = YES;
				CODE_SIGN_STYLE = Automatic;
				DEVELOPMENT_TEAM = 8DJ3WL36QU;
				INFOPLIST_FILE = Login_SwiftUIUITests/Info.plist;
				LD_RUNPATH_SEARCH_PATHS = (
					"$(inherited)",
					"@executable_path/Frameworks",
					"@loader_path/Frameworks",
				);
				PRODUCT_BUNDLE_IDENTIFIER = "Swift-beginners2.Login-SwiftUIUITests";
				PRODUCT_NAME = "$(TARGET_NAME)";
				SWIFT_VERSION = 5.0;
				TARGETED_DEVICE_FAMILY = "1,2";
				TEST_TARGET_NAME = Login_SwiftUI;
			};
			name = Debug;
		};
		FDA1D2182540461100BCD900 /* Release */ = {
			isa = XCBuildConfiguration;
			baseConfigurationReference = FC4432A6E8569F973BE763AF /* Pods-Login_SwiftUI-Login_SwiftUIUITests.release.xcconfig */;
			buildSettings = {
				ALWAYS_EMBED_SWIFT_STANDARD_LIBRARIES = YES;
				CODE_SIGN_STYLE = Automatic;
				DEVELOPMENT_TEAM = 8DJ3WL36QU;
				INFOPLIST_FILE = Login_SwiftUIUITests/Info.plist;
				LD_RUNPATH_SEARCH_PATHS = (
					"$(inherited)",
					"@executable_path/Frameworks",
					"@loader_path/Frameworks",
				);
				PRODUCT_BUNDLE_IDENTIFIER = "Swift-beginners2.Login-SwiftUIUITests";
				PRODUCT_NAME = "$(TARGET_NAME)";
				SWIFT_VERSION = 5.0;
				TARGETED_DEVICE_FAMILY = "1,2";
				TEST_TARGET_NAME = Login_SwiftUI;
			};
			name = Release;
		};
/* End XCBuildConfiguration section */

/* Begin XCConfigurationList section */
		FDA1D1E12540460A00BCD900 /* Build configuration list for PBXProject "Login_SwiftUI" */ = {
			isa = XCConfigurationList;
			buildConfigurations = (
				FDA1D20E2540461100BCD900 /* Debug */,
				FDA1D20F2540461100BCD900 /* Release */,
			);
			defaultConfigurationIsVisible = 0;
			defaultConfigurationName = Release;
		};
		FDA1D2102540461100BCD900 /* Build configuration list for PBXNativeTarget "Login_SwiftUI" */ = {
			isa = XCConfigurationList;
			buildConfigurations = (
				FDA1D2112540461100BCD900 /* Debug */,
				FDA1D2122540461100BCD900 /* Release */,
			);
			defaultConfigurationIsVisible = 0;
			defaultConfigurationName = Release;
		};
		FDA1D2132540461100BCD900 /* Build configuration list for PBXNativeTarget "Login_SwiftUITests" */ = {
			isa = XCConfigurationList;
			buildConfigurations = (
				FDA1D2142540461100BCD900 /* Debug */,
				FDA1D2152540461100BCD900 /* Release */,
			);
			defaultConfigurationIsVisible = 0;
			defaultConfigurationName = Release;
		};
		FDA1D2162540461100BCD900 /* Build configuration list for PBXNativeTarget "Login_SwiftUIUITests" */ = {
			isa = XCConfigurationList;
			buildConfigurations = (
				FDA1D2172540461100BCD900 /* Debug */,
				FDA1D2182540461100BCD900 /* Release */,
			);
			defaultConfigurationIsVisible = 0;
			defaultConfigurationName = Release;
		};
/* End XCConfigurationList section */
	};
	rootObject = FDA1D1DE2540460A00BCD900 /* Project object */;
}
